
Microsoft Visual Studio Solution File, Format Version 12.00
# Visual Studio Version 16
VisualStudioVersion = 16.0.31025.194
MinimumVisualStudioVersion = 10.0.40219.1
Project("{FAE04EC0-301F-11D3-BF4B-00C04F79EFBC}") = "BookStoreAdminDashboard", "BookStoreAdminDashboard\BookStoreAdminDashboard.csproj", "{45F701BB-1596-4672-A9BB-E5DF1091E739}"
EndProject
Global
	GlobalSection(SolutionConfigurationPlatforms) = preSolution
		Debug|Any CPU = Debug|Any CPU
		Release|Any CPU = Release|Any CPU
	EndGlobalSection
	GlobalSection(ProjectConfigurationPlatforms) = postSolution
		{45F701BB-1596-4672-A9BB-E5DF1091E739}.Debug|Any CPU.ActiveCfg = Debug|Any CPU
		{45F701BB-1596-4672-A9BB-E5DF1091E739}.Debug|Any CPU.Build.0 = Debug|Any CPU
		{45F701BB-1596-4672-A9BB-E5DF1091E739}.Release|Any CPU.ActiveCfg = Release|Any CPU
		{45F701BB-1596-4672-A9BB-E5DF1091E739}.Release|Any CPU.Build.0 = Release|Any CPU
	EndGlobalSection
	GlobalSection(SolutionProperties) = preSolution
		HideSolutionNode = FALSE
	EndGlobalSection
	GlobalSection(ExtensibilityGlobals) = postSolution
		SolutionGuid = {6B391313-85BD-4E97-A283-7E3A88092D97}
	EndGlobalSection
EndGlobal
