
Microsoft Visual Studio Solution File, Format Version 12.00
# Visual Studio Version 16
VisualStudioVersion = 16.0.31025.194
MinimumVisualStudioVersion = 10.0.40219.1
Project("{FAE04EC0-301F-11D3-BF4B-00C04F79EFBC}") = "BookStore", "BookStore\BookStore.csproj", "{E42D000C-C786-4707-AA85-74C279A0E339}"
EndProject
Project("{FAE04EC0-301F-11D3-BF4B-00C04F79EFBC}") = "BookStore.Models", "BookStore.Models\BookStore.Models.csproj", "{2FC744AA-15E2-4D82-AEC2-3347B38A5FD8}"
EndProject
Project("{FAE04EC0-301F-11D3-BF4B-00C04F79EFBC}") = "BookStore.Services", "BookStore.Services\BookStore.Services.csproj", "{A3AAA891-0043-4017-8682-33540AB8FC19}"
EndProject
Project("{FAE04EC0-301F-11D3-BF4B-00C04F79EFBC}") = "BookStore.Data", "BookStore.Data\BookStore.Data.csproj", "{C76791ED-72DD-4790-9753-515F3E74409F}"
EndProject
Global
	GlobalSection(SolutionConfigurationPlatforms) = preSolution
		Debug|Any CPU = Debug|Any CPU
		Release|Any CPU = Release|Any CPU
	EndGlobalSection
	GlobalSection(ProjectConfigurationPlatforms) = postSolution
		{E42D000C-C786-4707-AA85-74C279A0E339}.Debug|Any CPU.ActiveCfg = Debug|Any CPU
		{E42D000C-C786-4707-AA85-74C279A0E339}.Debug|Any CPU.Build.0 = Debug|Any CPU
		{E42D000C-C786-4707-AA85-74C279A0E339}.Release|Any CPU.ActiveCfg = Release|Any CPU
		{E42D000C-C786-4707-AA85-74C279A0E339}.Release|Any CPU.Build.0 = Release|Any CPU
		{2FC744AA-15E2-4D82-AEC2-3347B38A5FD8}.Debug|Any CPU.ActiveCfg = Debug|Any CPU
		{2FC744AA-15E2-4D82-AEC2-3347B38A5FD8}.Debug|Any CPU.Build.0 = Debug|Any CPU
		{2FC744AA-15E2-4D82-AEC2-3347B38A5FD8}.Release|Any CPU.ActiveCfg = Release|Any CPU
		{2FC744AA-15E2-4D82-AEC2-3347B38A5FD8}.Release|Any CPU.Build.0 = Release|Any CPU
		{A3AAA891-0043-4017-8682-33540AB8FC19}.Debug|Any CPU.ActiveCfg = Debug|Any CPU
		{A3AAA891-0043-4017-8682-33540AB8FC19}.Debug|Any CPU.Build.0 = Debug|Any CPU
		{A3AAA891-0043-4017-8682-33540AB8FC19}.Release|Any CPU.ActiveCfg = Release|Any CPU
		{A3AAA891-0043-4017-8682-33540AB8FC19}.Release|Any CPU.Build.0 = Release|Any CPU
		{C76791ED-72DD-4790-9753-515F3E74409F}.Debug|Any CPU.ActiveCfg = Debug|Any CPU
		{C76791ED-72DD-4790-9753-515F3E74409F}.Debug|Any CPU.Build.0 = Debug|Any CPU
		{C76791ED-72DD-4790-9753-515F3E74409F}.Release|Any CPU.ActiveCfg = Release|Any CPU
		{C76791ED-72DD-4790-9753-515F3E74409F}.Release|Any CPU.Build.0 = Release|Any CPU
	EndGlobalSection
	GlobalSection(SolutionProperties) = preSolution
		HideSolutionNode = FALSE
	EndGlobalSection
	GlobalSection(ExtensibilityGlobals) = postSolution
		SolutionGuid = {66F0974D-1C21-4412-A24B-65C9C3AE6A7E}
	EndGlobalSection
EndGlobal
