
Microsoft Visual Studio Solution File, Format Version 12.00
# Visual Studio Version 16
VisualStudioVersion = 16.0.31025.194
MinimumVisualStudioVersion = 10.0.40219.1
Project("{FAE04EC0-301F-11D3-BF4B-00C04F79EFBC}") = "PizzaPlace", "PizzaPlace\PizzaPlace.csproj", "{83F14C72-7D2A-4478-9F38-9758D1A0CFEF}"
EndProject
Global
	GlobalSection(SolutionConfigurationPlatforms) = preSolution
		Debug|Any CPU = Debug|Any CPU
		Release|Any CPU = Release|Any CPU
	EndGlobalSection
	GlobalSection(ProjectConfigurationPlatforms) = postSolution
		{83F14C72-7D2A-4478-9F38-9758D1A0CFEF}.Debug|Any CPU.ActiveCfg = Debug|Any CPU
		{83F14C72-7D2A-4478-9F38-9758D1A0CFEF}.Debug|Any CPU.Build.0 = Debug|Any CPU
		{83F14C72-7D2A-4478-9F38-9758D1A0CFEF}.Release|Any CPU.ActiveCfg = Release|Any CPU
		{83F14C72-7D2A-4478-9F38-9758D1A0CFEF}.Release|Any CPU.Build.0 = Release|Any CPU
	EndGlobalSection
	GlobalSection(SolutionProperties) = preSolution
		HideSolutionNode = FALSE
	EndGlobalSection
	GlobalSection(ExtensibilityGlobals) = postSolution
		SolutionGuid = {F36713A2-0C42-4A07-A907-800FF64B1D6C}
	EndGlobalSection
EndGlobal
